
Microsoft Visual Studio Solution File, Format Version 12.00
# Visual Studio 14
VisualStudioVersion = 14.0.23107.0
MinimumVisualStudioVersion = 10.0.40219.1
Project("{FAE04EC0-301F-11D3-BF4B-00C04F79EFBC}") = "KKLab1", "KKLab1\KKLab1.csproj", "{2330AE43-1DEB-4BC4-801A-37DE98519E85}"
EndProject
Project("{FAE04EC0-301F-11D3-BF4B-00C04F79EFBC}") = "ConsoleApplication1", "ConsoleApplication1\ConsoleApplication1.csproj", "{2DA03792-1AD7-4327-BB42-9D1B9506E498}"
EndProject
Project("{FAE04EC0-301F-11D3-BF4B-00C04F79EFBC}") = "CryptographyLabrary", "CryptographyLabrary\CryptographyLabrary.csproj", "{149FE656-2511-434E-8519-6138CDE7DF63}"
EndProject
Global
	GlobalSection(SolutionConfigurationPlatforms) = preSolution
		Debug|Any CPU = Debug|Any CPU
		Release|Any CPU = Release|Any CPU
	EndGlobalSection
	GlobalSection(ProjectConfigurationPlatforms) = postSolution
		{2330AE43-1DEB-4BC4-801A-37DE98519E85}.Debug|Any CPU.ActiveCfg = Debug|Any CPU
		{2330AE43-1DEB-4BC4-801A-37DE98519E85}.Debug|Any CPU.Build.0 = Debug|Any CPU
		{2330AE43-1DEB-4BC4-801A-37DE98519E85}.Release|Any CPU.ActiveCfg = Release|Any CPU
		{2330AE43-1DEB-4BC4-801A-37DE98519E85}.Release|Any CPU.Build.0 = Release|Any CPU
		{2DA03792-1AD7-4327-BB42-9D1B9506E498}.Debug|Any CPU.ActiveCfg = Debug|Any CPU
		{2DA03792-1AD7-4327-BB42-9D1B9506E498}.Debug|Any CPU.Build.0 = Debug|Any CPU
		{2DA03792-1AD7-4327-BB42-9D1B9506E498}.Release|Any CPU.ActiveCfg = Release|Any CPU
		{2DA03792-1AD7-4327-BB42-9D1B9506E498}.Release|Any CPU.Build.0 = Release|Any CPU
		{149FE656-2511-434E-8519-6138CDE7DF63}.Debug|Any CPU.ActiveCfg = Debug|Any CPU
		{149FE656-2511-434E-8519-6138CDE7DF63}.Debug|Any CPU.Build.0 = Debug|Any CPU
		{149FE656-2511-434E-8519-6138CDE7DF63}.Release|Any CPU.ActiveCfg = Release|Any CPU
		{149FE656-2511-434E-8519-6138CDE7DF63}.Release|Any CPU.Build.0 = Release|Any CPU
	EndGlobalSection
	GlobalSection(SolutionProperties) = preSolution
		HideSolutionNode = FALSE
	EndGlobalSection
EndGlobal
